
Microsoft Visual Studio Solution File, Format Version 12.00
# Visual Studio Version 17
VisualStudioVersion = 17.13.35825.156 d17.13
MinimumVisualStudioVersion = 10.0.40219.1
Project("{FAE04EC0-301F-11D3-BF4B-00C04F79EFBC}") = "eMovies", "eMovies\eMovies.csproj", "{0E3856E7-3983-4982-B4AB-A0F3363F0B02}"
EndProject
Global
	GlobalSection(SolutionConfigurationPlatforms) = preSolution
		Debug|Any CPU = Debug|Any CPU
		Release|Any CPU = Release|Any CPU
	EndGlobalSection
	GlobalSection(ProjectConfigurationPlatforms) = postSolution
		{0E3856E7-3983-4982-B4AB-A0F3363F0B02}.Debug|Any CPU.ActiveCfg = Debug|Any CPU
		{0E3856E7-3983-4982-B4AB-A0F3363F0B02}.Debug|Any CPU.Build.0 = Debug|Any CPU
		{0E3856E7-3983-4982-B4AB-A0F3363F0B02}.Release|Any CPU.ActiveCfg = Release|Any CPU
		{0E3856E7-3983-4982-B4AB-A0F3363F0B02}.Release|Any CPU.Build.0 = Release|Any CPU
	EndGlobalSection
	GlobalSection(SolutionProperties) = preSolution
		HideSolutionNode = FALSE
	EndGlobalSection
	GlobalSection(ExtensibilityGlobals) = postSolution
		SolutionGuid = {33DA510B-985B-4E03-BD4B-D6F6861B41F7}
	EndGlobalSection
EndGlobal
